
Microsoft Visual Studio Solution File, Format Version 12.00
# Visual Studio Version 16
VisualStudioVersion = 16.0.30320.27
MinimumVisualStudioVersion = 10.0.40219.1
Project("{8BC9CEB8-8B4A-11D0-8D11-00A0C91BC942}") = "16判断俄罗斯方块是否可移动", "16判断俄罗斯方块是否可移动\16判断俄罗斯方块是否可移动.vcxproj", "{FCE7D9E2-FF89-4CE7-A7EE-90E93212F926}"
EndProject
Global
	GlobalSection(SolutionConfigurationPlatforms) = preSolution
		Debug|x64 = Debug|x64
		Debug|x86 = Debug|x86
		Release|x64 = Release|x64
		Release|x86 = Release|x86
	EndGlobalSection
	GlobalSection(ProjectConfigurationPlatforms) = postSolution
		{FCE7D9E2-FF89-4CE7-A7EE-90E93212F926}.Debug|x64.ActiveCfg = Debug|x64
		{FCE7D9E2-FF89-4CE7-A7EE-90E93212F926}.Debug|x64.Build.0 = Debug|x64
		{FCE7D9E2-FF89-4CE7-A7EE-90E93212F926}.Debug|x86.ActiveCfg = Debug|Win32
		{FCE7D9E2-FF89-4CE7-A7EE-90E93212F926}.Debug|x86.Build.0 = Debug|Win32
		{FCE7D9E2-FF89-4CE7-A7EE-90E93212F926}.Release|x64.ActiveCfg = Release|x64
		{FCE7D9E2-FF89-4CE7-A7EE-90E93212F926}.Release|x64.Build.0 = Release|x64
		{FCE7D9E2-FF89-4CE7-A7EE-90E93212F926}.Release|x86.ActiveCfg = Release|Win32
		{FCE7D9E2-FF89-4CE7-A7EE-90E93212F926}.Release|x86.Build.0 = Release|Win32
	EndGlobalSection
	GlobalSection(SolutionProperties) = preSolution
		HideSolutionNode = FALSE
	EndGlobalSection
	GlobalSection(ExtensibilityGlobals) = postSolution
		SolutionGuid = {1A6E7497-8D0F-4EDB-ACCE-27C73D89411C}
	EndGlobalSection
EndGlobal
